
Microsoft Visual Studio Solution File, Format Version 12.00
# Visual Studio Version 17
VisualStudioVersion = 17.7.34031.279
MinimumVisualStudioVersion = 10.0.40219.1
Project("{8BC9CEB8-8B4A-11D0-8D11-00A0C91BC942}") = "tree_sitter", "libtree-sitter\libtree-sitter.vcxproj", "{E1B2A222-2B35-495A-92AE-C470945C0D3D}"
	ProjectSection(ProjectDependencies) = postProject
		{E925D02C-B9BD-4EE6-88D7-840B03A7F4AC} = {E925D02C-B9BD-4EE6-88D7-840B03A7F4AC}
	EndProjectSection
EndProject
Project("{8BC9CEB8-8B4A-11D0-8D11-00A0C91BC942}") = "tree_sitter_python", "libtree-sitter-python\libtree-sitter-python.vcxproj", "{CC75101E-420C-4DBE-A20F-E5B874A810ED}"
	ProjectSection(ProjectDependencies) = postProject
		{E1B2A222-2B35-495A-92AE-C470945C0D3D} = {E1B2A222-2B35-495A-92AE-C470945C0D3D}
	EndProjectSection
EndProject
Project("{9A19103F-16F7-4668-BE54-9A1E7A4F7556}") = "BindingsGenerator", "bindings-generator\BindingsGenerator.csproj", "{E925D02C-B9BD-4EE6-88D7-840B03A7F4AC}"
EndProject
Project("{9A19103F-16F7-4668-BE54-9A1E7A4F7556}") = "TreeSitterBindings", "tree-sitter-bindings\TreeSitterBindings.csproj", "{B5CAD0B5-F60A-475C-8908-E1F278F95D2A}"
	ProjectSection(ProjectDependencies) = postProject
		{CC75101E-420C-4DBE-A20F-E5B874A810ED} = {CC75101E-420C-4DBE-A20F-E5B874A810ED}
		{E1B2A222-2B35-495A-92AE-C470945C0D3D} = {E1B2A222-2B35-495A-92AE-C470945C0D3D}
		{E925D02C-B9BD-4EE6-88D7-840B03A7F4AC} = {E925D02C-B9BD-4EE6-88D7-840B03A7F4AC}
	EndProjectSection
EndProject
Project("{9A19103F-16F7-4668-BE54-9A1E7A4F7556}") = "BindingsTest", "bindings-test\BindingsTest.csproj", "{6793BBBD-AB7B-4E19-AF38-E780BFE2CA7A}"
EndProject
Global
	GlobalSection(SolutionConfigurationPlatforms) = preSolution
		Debug|x64 = Debug|x64
		Release|x64 = Release|x64
	EndGlobalSection
	GlobalSection(ProjectConfigurationPlatforms) = postSolution
		{E1B2A222-2B35-495A-92AE-C470945C0D3D}.Debug|x64.ActiveCfg = Debug|x64
		{E1B2A222-2B35-495A-92AE-C470945C0D3D}.Debug|x64.Build.0 = Debug|x64
		{E1B2A222-2B35-495A-92AE-C470945C0D3D}.Release|x64.ActiveCfg = Release|x64
		{E1B2A222-2B35-495A-92AE-C470945C0D3D}.Release|x64.Build.0 = Release|x64
		{CC75101E-420C-4DBE-A20F-E5B874A810ED}.Debug|x64.ActiveCfg = Debug|x64
		{CC75101E-420C-4DBE-A20F-E5B874A810ED}.Debug|x64.Build.0 = Debug|x64
		{CC75101E-420C-4DBE-A20F-E5B874A810ED}.Release|x64.ActiveCfg = Release|x64
		{CC75101E-420C-4DBE-A20F-E5B874A810ED}.Release|x64.Build.0 = Release|x64
		{E925D02C-B9BD-4EE6-88D7-840B03A7F4AC}.Debug|x64.ActiveCfg = Debug|x64
		{E925D02C-B9BD-4EE6-88D7-840B03A7F4AC}.Debug|x64.Build.0 = Debug|x64
		{E925D02C-B9BD-4EE6-88D7-840B03A7F4AC}.Release|x64.ActiveCfg = Release|x64
		{E925D02C-B9BD-4EE6-88D7-840B03A7F4AC}.Release|x64.Build.0 = Release|x64
		{B5CAD0B5-F60A-475C-8908-E1F278F95D2A}.Debug|x64.ActiveCfg = Debug|x64
		{B5CAD0B5-F60A-475C-8908-E1F278F95D2A}.Debug|x64.Build.0 = Debug|x64
		{B5CAD0B5-F60A-475C-8908-E1F278F95D2A}.Release|x64.ActiveCfg = Release|x64
		{B5CAD0B5-F60A-475C-8908-E1F278F95D2A}.Release|x64.Build.0 = Release|x64
		{6793BBBD-AB7B-4E19-AF38-E780BFE2CA7A}.Debug|x64.ActiveCfg = Debug|x64
		{6793BBBD-AB7B-4E19-AF38-E780BFE2CA7A}.Debug|x64.Build.0 = Debug|x64
		{6793BBBD-AB7B-4E19-AF38-E780BFE2CA7A}.Release|x64.ActiveCfg = Release|x64
		{6793BBBD-AB7B-4E19-AF38-E780BFE2CA7A}.Release|x64.Build.0 = Release|x64
	EndGlobalSection
	GlobalSection(SolutionProperties) = preSolution
		HideSolutionNode = FALSE
	EndGlobalSection
	GlobalSection(ExtensibilityGlobals) = postSolution
		SolutionGuid = {4F5BFA35-C824-4EC4-9D20-40B1C93C0E25}
	EndGlobalSection
EndGlobal
